// !$*UTF8*$!
{
	archiveVersion = 1;
	classes = {
	};
	objectVersion = 56;
	objects = {

/* Begin PBXBuildFile section */
		1FD5D9F324B8B8EAF101FF88 /* Pods_base.framework in Frameworks */ = {isa = PBXBuildFile; fileRef = 0E502F794F7CA6A238CB4AB0 /* Pods_base.framework */; };
		CF79EFA6298530D80099B788 /* baseApp.swift in Sources */ = {isa = PBXBuildFile; fileRef = CF79EFA5298530D80099B788 /* baseApp.swift */; };
		CF79EFA8298530D80099B788 /* ContentView.swift in Sources */ = {isa = PBXBuildFile; fileRef = CF79EFA7298530D80099B788 /* ContentView.swift */; };
		CF79EFAA298530DA0099B788 /* Assets.xcassets in Resources */ = {isa = PBXBuildFile; fileRef = CF79EFA9298530DA0099B788 /* Assets.xcassets */; };
		CF79EFAD298530DA0099B788 /* Preview Assets.xcassets in Resources */ = {isa = PBXBuildFile; fileRef = CF79EFAC298530DA0099B788 /* Preview Assets.xcassets */; };
		CF79EFB4298531390099B788 /* Launch Screen.storyboard in Resources */ = {isa = PBXBuildFile; fileRef = CF79EFB3298531390099B788 /* Launch Screen.storyboard */; };
		CF95B12029857CC800029CB3 /* StartView.swift in Sources */ = {isa = PBXBuildFile; fileRef = CF95B11F29857CC800029CB3 /* StartView.swift */; };
		CF95B1222985824500029CB3 /* ChaptersList.swift in Sources */ = {isa = PBXBuildFile; fileRef = CF95B1212985824500029CB3 /* ChaptersList.swift */; };
		CF95B124298582B100029CB3 /* StartTestView.swift in Sources */ = {isa = PBXBuildFile; fileRef = CF95B123298582B100029CB3 /* StartTestView.swift */; };
		CF95B12729858AD600029CB3 /* ModelData.swift in Sources */ = {isa = PBXBuildFile; fileRef = CF95B12629858AD600029CB3 /* ModelData.swift */; };
		CF95B12D29858D9C00029CB3 /* data.json in Resources */ = {isa = PBXBuildFile; fileRef = CF95B12C29858D9C00029CB3 /* data.json */; };
		CF95B12F29858DE200029CB3 /* ChapterData.swift in Sources */ = {isa = PBXBuildFile; fileRef = CF95B12E29858DE200029CB3 /* ChapterData.swift */; };
		CF95B13129858E2E00029CB3 /* QuestionAnswersRow.swift in Sources */ = {isa = PBXBuildFile; fileRef = CF95B13029858E2E00029CB3 /* QuestionAnswersRow.swift */; };
		CF95B13329859C7000029CB3 /* ChapterRow.swift in Sources */ = {isa = PBXBuildFile; fileRef = CF95B13229859C7000029CB3 /* ChapterRow.swift */; };
		CF95B1352985C45800029CB3 /* ColorExtensions.swift in Sources */ = {isa = PBXBuildFile; fileRef = CF95B1342985C45800029CB3 /* ColorExtensions.swift */; };
		CF95B1372985DBA100029CB3 /* InterstitialAd.swift in Sources */ = {isa = PBXBuildFile; fileRef = CF95B1362985DBA100029CB3 /* InterstitialAd.swift */; };
		CF95B1392985DD8100029CB3 /* FullScreenModifier.swift in Sources */ = {isa = PBXBuildFile; fileRef = CF95B1382985DD8100029CB3 /* FullScreenModifier.swift */; };
/* End PBXBuildFile section */

/* Begin PBXFileReference section */
		0E502F794F7CA6A238CB4AB0 /* Pods_base.framework */ = {isa = PBXFileReference; explicitFileType = wrapper.framework; includeInIndex = 0; path = Pods_base.framework; sourceTree = BUILT_PRODUCTS_DIR; };
		A3B5A212FBD3034198683566 /* Pods-base.debug.xcconfig */ = {isa = PBXFileReference; includeInIndex = 1; lastKnownFileType = text.xcconfig; name = "Pods-base.debug.xcconfig"; path = "Target Support Files/Pods-base/Pods-base.debug.xcconfig"; sourceTree = "<group>"; };
		A82971646D84B400AFB66E0C /* Pods-base.release.xcconfig */ = {isa = PBXFileReference; includeInIndex = 1; lastKnownFileType = text.xcconfig; name = "Pods-base.release.xcconfig"; path = "Target Support Files/Pods-base/Pods-base.release.xcconfig"; sourceTree = "<group>"; };
		CF79EFA2298530D80099B788 /* base.app */ = {isa = PBXFileReference; explicitFileType = wrapper.application; includeInIndex = 0; path = base.app; sourceTree = BUILT_PRODUCTS_DIR; };
		CF79EFA5298530D80099B788 /* baseApp.swift */ = {isa = PBXFileReference; lastKnownFileType = sourcecode.swift; path = baseApp.swift; sourceTree = "<group>"; };
		CF79EFA7298530D80099B788 /* ContentView.swift */ = {isa = PBXFileReference; lastKnownFileType = sourcecode.swift; path = ContentView.swift; sourceTree = "<group>"; };
		CF79EFA9298530DA0099B788 /* Assets.xcassets */ = {isa = PBXFileReference; lastKnownFileType = folder.assetcatalog; path = Assets.xcassets; sourceTree = "<group>"; };
		CF79EFAC298530DA0099B788 /* Preview Assets.xcassets */ = {isa = PBXFileReference; lastKnownFileType = folder.assetcatalog; path = "Preview Assets.xcassets"; sourceTree = "<group>"; };
		CF79EFB3298531390099B788 /* Launch Screen.storyboard */ = {isa = PBXFileReference; lastKnownFileType = file.storyboard; path = "Launch Screen.storyboard"; sourceTree = "<group>"; };
		CF79EFB52985347B0099B788 /* Info.plist */ = {isa = PBXFileReference; lastKnownFileType = text.plist; path = Info.plist; sourceTree = "<group>"; };
		CF95B11F29857CC800029CB3 /* StartView.swift */ = {isa = PBXFileReference; lastKnownFileType = sourcecode.swift; path = StartView.swift; sourceTree = "<group>"; };
		CF95B1212985824500029CB3 /* ChaptersList.swift */ = {isa = PBXFileReference; lastKnownFileType = sourcecode.swift; path = ChaptersList.swift; sourceTree = "<group>"; };
		CF95B123298582B100029CB3 /* StartTestView.swift */ = {isa = PBXFileReference; lastKnownFileType = sourcecode.swift; path = StartTestView.swift; sourceTree = "<group>"; };
		CF95B12629858AD600029CB3 /* ModelData.swift */ = {isa = PBXFileReference; lastKnownFileType = sourcecode.swift; path = ModelData.swift; sourceTree = "<group>"; };
		CF95B12C29858D9C00029CB3 /* data.json */ = {isa = PBXFileReference; fileEncoding = 4; lastKnownFileType = text.json; path = data.json; sourceTree = "<group>"; };
		CF95B12E29858DE200029CB3 /* ChapterData.swift */ = {isa = PBXFileReference; lastKnownFileType = sourcecode.swift; path = ChapterData.swift; sourceTree = "<group>"; };
		CF95B13029858E2E00029CB3 /* QuestionAnswersRow.swift */ = {isa = PBXFileReference; lastKnownFileType = sourcecode.swift; path = QuestionAnswersRow.swift; sourceTree = "<group>"; };
		CF95B13229859C7000029CB3 /* ChapterRow.swift */ = {isa = PBXFileReference; lastKnownFileType = sourcecode.swift; path = ChapterRow.swift; sourceTree = "<group>"; };
		CF95B1342985C45800029CB3 /* ColorExtensions.swift */ = {isa = PBXFileReference; lastKnownFileType = sourcecode.swift; path = ColorExtensions.swift; sourceTree = "<group>"; };
		CF95B1362985DBA100029CB3 /* InterstitialAd.swift */ = {isa = PBXFileReference; lastKnownFileType = sourcecode.swift; name = InterstitialAd.swift; path = Ad/InterstitialAd.swift; sourceTree = "<group>"; };
		CF95B1382985DD8100029CB3 /* FullScreenModifier.swift */ = {isa = PBXFileReference; lastKnownFileType = sourcecode.swift; path = FullScreenModifier.swift; sourceTree = "<group>"; };
/* End PBXFileReference section */

/* Begin PBXFrameworksBuildPhase section */
		CF79EF9F298530D80099B788 /* Frameworks */ = {
			isa = PBXFrameworksBuildPhase;
			buildActionMask = 2147483647;
			files = (
				1FD5D9F324B8B8EAF101FF88 /* Pods_base.framework in Frameworks */,
			);
			runOnlyForDeploymentPostprocessing = 0;
		};
/* End PBXFrameworksBuildPhase section */

/* Begin PBXGroup section */
		18CAE52BD5917EB121738E34 /* Pods */ = {
			isa = PBXGroup;
			children = (
				A3B5A212FBD3034198683566 /* Pods-base.debug.xcconfig */,
				A82971646D84B400AFB66E0C /* Pods-base.release.xcconfig */,
			);
			path = Pods;
			sourceTree = "<group>";
		};
		73E0C5E95F3CCCF2C6CADA72 /* Frameworks */ = {
			isa = PBXGroup;
			children = (
				0E502F794F7CA6A238CB4AB0 /* Pods_base.framework */,
			);
			name = Frameworks;
			sourceTree = "<group>";
		};
		CF79EF99298530D80099B788 = {
			isa = PBXGroup;
			children = (
				CF79EFA4298530D80099B788 /* base */,
				CF79EFA3298530D80099B788 /* Products */,
				18CAE52BD5917EB121738E34 /* Pods */,
				73E0C5E95F3CCCF2C6CADA72 /* Frameworks */,
			);
			sourceTree = "<group>";
		};
		CF79EFA3298530D80099B788 /* Products */ = {
			isa = PBXGroup;
			children = (
				CF79EFA2298530D80099B788 /* base.app */,
			);
			name = Products;
			sourceTree = "<group>";
		};
		CF79EFA4298530D80099B788 /* base */ = {
			isa = PBXGroup;
			children = (
				CF95B12829858AE800029CB3 /* Resources */,
				CF95B12529858A9000029CB3 /* Model */,
				CF79EFB52985347B0099B788 /* Info.plist */,
				CF79EFA5298530D80099B788 /* baseApp.swift */,
				CF79EFA7298530D80099B788 /* ContentView.swift */,
				CF79EFA9298530DA0099B788 /* Assets.xcassets */,
				CF79EFAB298530DA0099B788 /* Preview Content */,
				CF79EFB3298531390099B788 /* Launch Screen.storyboard */,
				CF95B11F29857CC800029CB3 /* StartView.swift */,
				CF95B1212985824500029CB3 /* ChaptersList.swift */,
				CF95B123298582B100029CB3 /* StartTestView.swift */,
				CF95B13229859C7000029CB3 /* ChapterRow.swift */,
				CF95B1342985C45800029CB3 /* ColorExtensions.swift */,
				CF95B1362985DBA100029CB3 /* InterstitialAd.swift */,
				CF95B1382985DD8100029CB3 /* FullScreenModifier.swift */,
			);
			path = base;
			sourceTree = "<group>";
		};
		CF79EFAB298530DA0099B788 /* Preview Content */ = {
			isa = PBXGroup;
			children = (
				CF79EFAC298530DA0099B788 /* Preview Assets.xcassets */,
			);
			path = "Preview Content";
			sourceTree = "<group>";
		};
		CF95B12529858A9000029CB3 /* Model */ = {
			isa = PBXGroup;
			children = (
				CF95B12629858AD600029CB3 /* ModelData.swift */,
				CF95B12E29858DE200029CB3 /* ChapterData.swift */,
				CF95B13029858E2E00029CB3 /* QuestionAnswersRow.swift */,
			);
			path = Model;
			sourceTree = "<group>";
		};
		CF95B12829858AE800029CB3 /* Resources */ = {
			isa = PBXGroup;
			children = (
				CF95B12C29858D9C00029CB3 /* data.json */,
			);
			path = Resources;
			sourceTree = "<group>";
		};
/* End PBXGroup section */

/* Begin PBXNativeTarget section */
		CF79EFA1298530D80099B788 /* base */ = {
			isa = PBXNativeTarget;
			buildConfigurationList = CF79EFB0298530DA0099B788 /* Build configuration list for PBXNativeTarget "base" */;
			buildPhases = (
				3E9720592BA98B1E9FD12A93 /* [CP] Check Pods Manifest.lock */,
				CF79EF9E298530D80099B788 /* Sources */,
				CF79EF9F298530D80099B788 /* Frameworks */,
				CF79EFA0298530D80099B788 /* Resources */,
				723127AADFE544CCAF685EF6 /* [CP] Embed Pods Frameworks */,
			);
			buildRules = (
			);
			dependencies = (
			);
			name = base;
			productName = base;
			productReference = CF79EFA2298530D80099B788 /* base.app */;
			productType = "com.apple.product-type.application";
		};
/* End PBXNativeTarget section */

/* Begin PBXProject section */
		CF79EF9A298530D80099B788 /* Project object */ = {
			isa = PBXProject;
			attributes = {
				BuildIndependentTargetsInParallel = 1;
				LastSwiftUpdateCheck = 1420;
				LastUpgradeCheck = 1420;
				TargetAttributes = {
					CF79EFA1298530D80099B788 = {
						CreatedOnToolsVersion = 14.2;
					};
				};
			};
			buildConfigurationList = CF79EF9D298530D80099B788 /* Build configuration list for PBXProject "base" */;
			compatibilityVersion = "Xcode 14.0";
			developmentRegion = en;
			hasScannedForEncodings = 0;
			knownRegions = (
				en,
				Base,
			);
			mainGroup = CF79EF99298530D80099B788;
			productRefGroup = CF79EFA3298530D80099B788 /* Products */;
			projectDirPath = "";
			projectRoot = "";
			targets = (
				CF79EFA1298530D80099B788 /* base */,
			);
		};
/* End PBXProject section */

/* Begin PBXResourcesBuildPhase section */
		CF79EFA0298530D80099B788 /* Resources */ = {
			isa = PBXResourcesBuildPhase;
			buildActionMask = 2147483647;
			files = (
				CF79EFB4298531390099B788 /* Launch Screen.storyboard in Resources */,
				CF79EFAD298530DA0099B788 /* Preview Assets.xcassets in Resources */,
				CF79EFAA298530DA0099B788 /* Assets.xcassets in Resources */,
				CF95B12D29858D9C00029CB3 /* data.json in Resources */,
			);
			runOnlyForDeploymentPostprocessing = 0;
		};
/* End PBXResourcesBuildPhase section */

/* Begin PBXShellScriptBuildPhase section */
		3E9720592BA98B1E9FD12A93 /* [CP] Check Pods Manifest.lock */ = {
			isa = PBXShellScriptBuildPhase;
			buildActionMask = 2147483647;
			files = (
			);
			inputFileListPaths = (
			);
			inputPaths = (
				"${PODS_PODFILE_DIR_PATH}/Podfile.lock",
				"${PODS_ROOT}/Manifest.lock",
			);
			name = "[CP] Check Pods Manifest.lock";
			outputFileListPaths = (
			);
			outputPaths = (
				"$(DERIVED_FILE_DIR)/Pods-base-checkManifestLockResult.txt",
			);
			runOnlyForDeploymentPostprocessing = 0;
			shellPath = /bin/sh;
			shellScript = "diff \"${PODS_PODFILE_DIR_PATH}/Podfile.lock\" \"${PODS_ROOT}/Manifest.lock\" > /dev/null\nif [ $? != 0 ] ; then\n    # print error to STDERR\n    echo \"error: The sandbox is not in sync with the Podfile.lock. Run 'pod install' or update your CocoaPods installation.\" >&2\n    exit 1\nfi\n# This output is used by Xcode 'outputs' to avoid re-running this script phase.\necho \"SUCCESS\" > \"${SCRIPT_OUTPUT_FILE_0}\"\n";
			showEnvVarsInLog = 0;
		};
		723127AADFE544CCAF685EF6 /* [CP] Embed Pods Frameworks */ = {
			isa = PBXShellScriptBuildPhase;
			buildActionMask = 2147483647;
			files = (
			);
			inputFileListPaths = (
				"${PODS_ROOT}/Target Support Files/Pods-base/Pods-base-frameworks-${CONFIGURATION}-input-files.xcfilelist",
			);
			name = "[CP] Embed Pods Frameworks";
			outputFileListPaths = (
				"${PODS_ROOT}/Target Support Files/Pods-base/Pods-base-frameworks-${CONFIGURATION}-output-files.xcfilelist",
			);
			runOnlyForDeploymentPostprocessing = 0;
			shellPath = /bin/sh;
			shellScript = "\"${PODS_ROOT}/Target Support Files/Pods-base/Pods-base-frameworks.sh\"\n";
			showEnvVarsInLog = 0;
		};
/* End PBXShellScriptBuildPhase section */

/* Begin PBXSourcesBuildPhase section */
		CF79EF9E298530D80099B788 /* Sources */ = {
			isa = PBXSourcesBuildPhase;
			buildActionMask = 2147483647;
			files = (
				CF95B12029857CC800029CB3 /* StartView.swift in Sources */,
				CF95B1392985DD8100029CB3 /* FullScreenModifier.swift in Sources */,
				CF95B1352985C45800029CB3 /* ColorExtensions.swift in Sources */,
				CF95B124298582B100029CB3 /* StartTestView.swift in Sources */,
				CF79EFA8298530D80099B788 /* ContentView.swift in Sources */,
				CF95B13329859C7000029CB3 /* ChapterRow.swift in Sources */,
				CF79EFA6298530D80099B788 /* baseApp.swift in Sources */,
				CF95B1372985DBA100029CB3 /* InterstitialAd.swift in Sources */,
				CF95B12F29858DE200029CB3 /* ChapterData.swift in Sources */,
				CF95B1222985824500029CB3 /* ChaptersList.swift in Sources */,
				CF95B13129858E2E00029CB3 /* QuestionAnswersRow.swift in Sources */,
				CF95B12729858AD600029CB3 /* ModelData.swift in Sources */,
			);
			runOnlyForDeploymentPostprocessing = 0;
		};
/* End PBXSourcesBuildPhase section */

/* Begin XCBuildConfiguration section */
		CF79EFAE298530DA0099B788 /* Debug */ = {
			isa = XCBuildConfiguration;
			buildSettings = {
				ALWAYS_SEARCH_USER_PATHS = NO;
				CLANG_ANALYZER_NONNULL = YES;
				CLANG_ANALYZER_NUMBER_OBJECT_CONVERSION = YES_AGGRESSIVE;
				CLANG_CXX_LANGUAGE_STANDARD = "gnu++20";
				CLANG_ENABLE_MODULES = YES;
				CLANG_ENABLE_OBJC_ARC = YES;
				CLANG_ENABLE_OBJC_WEAK = YES;
				CLANG_WARN_BLOCK_CAPTURE_AUTORELEASING = YES;
				CLANG_WARN_BOOL_CONVERSION = YES;
				CLANG_WARN_COMMA = YES;
				CLANG_WARN_CONSTANT_CONVERSION = YES;
				CLANG_WARN_DEPRECATED_OBJC_IMPLEMENTATIONS = YES;
				CLANG_WARN_DIRECT_OBJC_ISA_USAGE = YES_ERROR;
				CLANG_WARN_DOCUMENTATION_COMMENTS = YES;
				CLANG_WARN_EMPTY_BODY = YES;
				CLANG_WARN_ENUM_CONVERSION = YES;
				CLANG_WARN_INFINITE_RECURSION = YES;
				CLANG_WARN_INT_CONVERSION = YES;
				CLANG_WARN_NON_LITERAL_NULL_CONVERSION = YES;
				CLANG_WARN_OBJC_IMPLICIT_RETAIN_SELF = YES;
				CLANG_WARN_OBJC_LITERAL_CONVERSION = YES;
				CLANG_WARN_OBJC_ROOT_CLASS = YES_ERROR;
				CLANG_WARN_QUOTED_INCLUDE_IN_FRAMEWORK_HEADER = YES;
				CLANG_WARN_RANGE_LOOP_ANALYSIS = YES;
				CLANG_WARN_STRICT_PROTOTYPES = YES;
				CLANG_WARN_SUSPICIOUS_MOVE = YES;
				CLANG_WARN_UNGUARDED_AVAILABILITY = YES_AGGRESSIVE;
				CLANG_WARN_UNREACHABLE_CODE = YES;
				CLANG_WARN__DUPLICATE_METHOD_MATCH = YES;
				COPY_PHASE_STRIP = NO;
				DEBUG_INFORMATION_FORMAT = dwarf;
				ENABLE_STRICT_OBJC_MSGSEND = YES;
				ENABLE_TESTABILITY = YES;
				GCC_C_LANGUAGE_STANDARD = gnu11;
				GCC_DYNAMIC_NO_PIC = NO;
				GCC_NO_COMMON_BLOCKS = YES;
				GCC_OPTIMIZATION_LEVEL = 0;
				GCC_PREPROCESSOR_DEFINITIONS = (
					"DEBUG=1",
					"$(inherited)",
				);
				GCC_WARN_64_TO_32_BIT_CONVERSION = YES;
				GCC_WARN_ABOUT_RETURN_TYPE = YES_ERROR;
				GCC_WARN_UNDECLARED_SELECTOR = YES;
				GCC_WARN_UNINITIALIZED_AUTOS = YES_AGGRESSIVE;
				GCC_WARN_UNUSED_FUNCTION = YES;
				GCC_WARN_UNUSED_VARIABLE = YES;
				IPHONEOS_DEPLOYMENT_TARGET = 16.2;
				MTL_ENABLE_DEBUG_INFO = INCLUDE_SOURCE;
				MTL_FAST_MATH = YES;
				ONLY_ACTIVE_ARCH = YES;
				SDKROOT = iphoneos;
				SWIFT_ACTIVE_COMPILATION_CONDITIONS = DEBUG;
				SWIFT_OPTIMIZATION_LEVEL = "-Onone";
			};
			name = Debug;
		};
		CF79EFAF298530DA0099B788 /* Release */ = {
			isa = XCBuildConfiguration;
			buildSettings = {
				ALWAYS_SEARCH_USER_PATHS = NO;
				CLANG_ANALYZER_NONNULL = YES;
				CLANG_ANALYZER_NUMBER_OBJECT_CONVERSION = YES_AGGRESSIVE;
				CLANG_CXX_LANGUAGE_STANDARD = "gnu++20";
				CLANG_ENABLE_MODULES = YES;
				CLANG_ENABLE_OBJC_ARC = YES;
				CLANG_ENABLE_OBJC_WEAK = YES;
				CLANG_WARN_BLOCK_CAPTURE_AUTORELEASING = YES;
				CLANG_WARN_BOOL_CONVERSION = YES;
				CLANG_WARN_COMMA = YES;
				CLANG_WARN_CONSTANT_CONVERSION = YES;
				CLANG_WARN_DEPRECATED_OBJC_IMPLEMENTATIONS = YES;
				CLANG_WARN_DIRECT_OBJC_ISA_USAGE = YES_ERROR;
				CLANG_WARN_DOCUMENTATION_COMMENTS = YES;
				CLANG_WARN_EMPTY_BODY = YES;
				CLANG_WARN_ENUM_CONVERSION = YES;
				CLANG_WARN_INFINITE_RECURSION = YES;
				CLANG_WARN_INT_CONVERSION = YES;
				CLANG_WARN_NON_LITERAL_NULL_CONVERSION = YES;
				CLANG_WARN_OBJC_IMPLICIT_RETAIN_SELF = YES;
				CLANG_WARN_OBJC_LITERAL_CONVERSION = YES;
				CLANG_WARN_OBJC_ROOT_CLASS = YES_ERROR;
				CLANG_WARN_QUOTED_INCLUDE_IN_FRAMEWORK_HEADER = YES;
				CLANG_WARN_RANGE_LOOP_ANALYSIS = YES;
				CLANG_WARN_STRICT_PROTOTYPES = YES;
				CLANG_WARN_SUSPICIOUS_MOVE = YES;
				CLANG_WARN_UNGUARDED_AVAILABILITY = YES_AGGRESSIVE;
				CLANG_WARN_UNREACHABLE_CODE = YES;
				CLANG_WARN__DUPLICATE_METHOD_MATCH = YES;
				COPY_PHASE_STRIP = NO;
				DEBUG_INFORMATION_FORMAT = "dwarf-with-dsym";
				ENABLE_NS_ASSERTIONS = NO;
				ENABLE_STRICT_OBJC_MSGSEND = YES;
				GCC_C_LANGUAGE_STANDARD = gnu11;
				GCC_NO_COMMON_BLOCKS = YES;
				GCC_WARN_64_TO_32_BIT_CONVERSION = YES;
				GCC_WARN_ABOUT_RETURN_TYPE = YES_ERROR;
				GCC_WARN_UNDECLARED_SELECTOR = YES;
				GCC_WARN_UNINITIALIZED_AUTOS = YES_AGGRESSIVE;
				GCC_WARN_UNUSED_FUNCTION = YES;
				GCC_WARN_UNUSED_VARIABLE = YES;
				IPHONEOS_DEPLOYMENT_TARGET = 16.2;
				MTL_ENABLE_DEBUG_INFO = NO;
				MTL_FAST_MATH = YES;
				SDKROOT = iphoneos;
				SWIFT_COMPILATION_MODE = wholemodule;
				SWIFT_OPTIMIZATION_LEVEL = "-O";
				VALIDATE_PRODUCT = YES;
			};
			name = Release;
		};
		CF79EFB1298530DA0099B788 /* Debug */ = {
			isa = XCBuildConfiguration;
			baseConfigurationReference = A3B5A212FBD3034198683566 /* Pods-base.debug.xcconfig */;
			buildSettings = {
				ASSETCATALOG_COMPILER_APPICON_NAME = AppIcon;
				ASSETCATALOG_COMPILER_GLOBAL_ACCENT_COLOR_NAME = AccentColor;
				ASSETCATALOG_COMPILER_INCLUDE_ALL_APPICON_ASSETS = YES;
				CODE_SIGN_STYLE = Automatic;
				CURRENT_PROJECT_VERSION = 1;
				DEVELOPMENT_ASSET_PATHS = "\"base/Preview Content\"";
				DEVELOPMENT_TEAM = S49U53KM2S;
				ENABLE_PREVIEWS = YES;
				GENERATE_INFOPLIST_FILE = YES;
				INFOPLIST_FILE = base/Info.plist;
				INFOPLIST_KEY_UIApplicationSceneManifest_Generation = YES;
				INFOPLIST_KEY_UIApplicationSupportsIndirectInputEvents = YES;
				INFOPLIST_KEY_UILaunchStoryboardName = "Launch Screen.storyboard";
				INFOPLIST_KEY_UISupportedInterfaceOrientations = UIInterfaceOrientationPortrait;
				INFOPLIST_KEY_UISupportedInterfaceOrientations_iPad = "UIInterfaceOrientationPortrait UIInterfaceOrientationPortraitUpsideDown";
				LD_RUNPATH_SEARCH_PATHS = (
					"$(inherited)",
					"@executable_path/Frameworks",
				);
				MARKETING_VERSION = 1.0;
				PRODUCT_BUNDLE_IDENTIFIER = com.knowyoursubject.base;
				PRODUCT_NAME = "$(TARGET_NAME)";
				SWIFT_EMIT_LOC_STRINGS = YES;
				SWIFT_VERSION = 5.0;
				TARGETED_DEVICE_FAMILY = "1,2";
			};
			name = Debug;
		};
		CF79EFB2298530DA0099B788 /* Release */ = {
			isa = XCBuildConfiguration;
			baseConfigurationReference = A82971646D84B400AFB66E0C /* Pods-base.release.xcconfig */;
			buildSettings = {
				ASSETCATALOG_COMPILER_APPICON_NAME = AppIcon;
				ASSETCATALOG_COMPILER_GLOBAL_ACCENT_COLOR_NAME = AccentColor;
				ASSETCATALOG_COMPILER_INCLUDE_ALL_APPICON_ASSETS = YES;
				CODE_SIGN_STYLE = Automatic;
				CURRENT_PROJECT_VERSION = 1;
				DEVELOPMENT_ASSET_PATHS = "\"base/Preview Content\"";
				DEVELOPMENT_TEAM = S49U53KM2S;
				ENABLE_PREVIEWS = YES;
				GENERATE_INFOPLIST_FILE = YES;
				INFOPLIST_FILE = base/Info.plist;
				INFOPLIST_KEY_UIApplicationSceneManifest_Generation = YES;
				INFOPLIST_KEY_UIApplicationSupportsIndirectInputEvents = YES;
				INFOPLIST_KEY_UILaunchStoryboardName = "Launch Screen.storyboard";
				INFOPLIST_KEY_UISupportedInterfaceOrientations = UIInterfaceOrientationPortrait;
				INFOPLIST_KEY_UISupportedInterfaceOrientations_iPad = "UIInterfaceOrientationPortrait UIInterfaceOrientationPortraitUpsideDown";
				LD_RUNPATH_SEARCH_PATHS = (
					"$(inherited)",
					"@executable_path/Frameworks",
				);
				MARKETING_VERSION = 1.0;
				PRODUCT_BUNDLE_IDENTIFIER = com.knowyoursubject.base;
				PRODUCT_NAME = "$(TARGET_NAME)";
				SWIFT_EMIT_LOC_STRINGS = YES;
				SWIFT_VERSION = 5.0;
				TARGETED_DEVICE_FAMILY = "1,2";
			};
			name = Release;
		};
/* End XCBuildConfiguration section */

/* Begin XCConfigurationList section */
		CF79EF9D298530D80099B788 /* Build configuration list for PBXProject "base" */ = {
			isa = XCConfigurationList;
			buildConfigurations = (
				CF79EFAE298530DA0099B788 /* Debug */,
				CF79EFAF298530DA0099B788 /* Release */,
			);
			defaultConfigurationIsVisible = 0;
			defaultConfigurationName = Release;
		};
		CF79EFB0298530DA0099B788 /* Build configuration list for PBXNativeTarget "base" */ = {
			isa = XCConfigurationList;
			buildConfigurations = (
				CF79EFB1298530DA0099B788 /* Debug */,
				CF79EFB2298530DA0099B788 /* Release */,
			);
			defaultConfigurationIsVisible = 0;
			defaultConfigurationName = Release;
		};
/* End XCConfigurationList section */
	};
	rootObject = CF79EF9A298530D80099B788 /* Project object */;
}
